
Microsoft Visual Studio Solution File, Format Version 12.00
# Visual Studio Version 16
VisualStudioVersion = 16.0.30404.54
MinimumVisualStudioVersion = 10.0.40219.1
Project("{FAE04EC0-301F-11D3-BF4B-00C04F79EFBC}") = "WebUi", "WebUi\WebUi.csproj", "{00B8939C-6C1A-4111-80D7-8A6A229518E0}"
EndProject
Project("{9A19103F-16F7-4668-BE54-9A1E7A4F7556}") = "Domain", "Domain\Domain.csproj", "{2B087A6D-263E-40F1-AD4E-6DB82FE6EF29}"
EndProject
Global
	GlobalSection(SolutionConfigurationPlatforms) = preSolution
		Debug|Any CPU = Debug|Any CPU
		Release|Any CPU = Release|Any CPU
	EndGlobalSection
	GlobalSection(ProjectConfigurationPlatforms) = postSolution
		{00B8939C-6C1A-4111-80D7-8A6A229518E0}.Debug|Any CPU.ActiveCfg = Debug|Any CPU
		{00B8939C-6C1A-4111-80D7-8A6A229518E0}.Debug|Any CPU.Build.0 = Debug|Any CPU
		{00B8939C-6C1A-4111-80D7-8A6A229518E0}.Release|Any CPU.ActiveCfg = Release|Any CPU
		{00B8939C-6C1A-4111-80D7-8A6A229518E0}.Release|Any CPU.Build.0 = Release|Any CPU
		{2B087A6D-263E-40F1-AD4E-6DB82FE6EF29}.Debug|Any CPU.ActiveCfg = Debug|Any CPU
		{2B087A6D-263E-40F1-AD4E-6DB82FE6EF29}.Debug|Any CPU.Build.0 = Debug|Any CPU
		{2B087A6D-263E-40F1-AD4E-6DB82FE6EF29}.Release|Any CPU.ActiveCfg = Release|Any CPU
		{2B087A6D-263E-40F1-AD4E-6DB82FE6EF29}.Release|Any CPU.Build.0 = Release|Any CPU
	EndGlobalSection
	GlobalSection(SolutionProperties) = preSolution
		HideSolutionNode = FALSE
	EndGlobalSection
	GlobalSection(ExtensibilityGlobals) = postSolution
		SolutionGuid = {82668A8A-80AE-4B52-A035-0D860762EA1B}
	EndGlobalSection
EndGlobal
